{
  "object": {
    "pins": [
      {
        "package": "Commander",
        "repositoryURL": "https://github.com/kylef/Commander.git",
        "state": {
          "branch": null,
          "revision": "9304bbf8048ab3a008e2a297ddaf3e60cfb9e790",
          "version": "0.6.0"
        }
      },
      {
        "package": "Spectre",
        "repositoryURL": "https://github.com/kylef/Spectre",
        "state": {
          "branch": null,
          "revision": "e46b75cf03ad5e563b4b0a5068d3d6f04d77d80b",
          "version": "0.7.2"
        }
      }
    ]
  },
  "version": 1
}
